// !$*UTF8*$!
{
	archiveVersion = 1;
	classes = {
	};
	objectVersion = 56;
	objects = {

/* Begin PBXBuildFile section */
		5F3A6AED2B71707000B25F06 /* Color-Theme.swift in Sources */ = {isa = PBXBuildFile; fileRef = 5F3A6AEC2B71707000B25F06 /* Color-Theme.swift */; };
		5F3A6AEF2B71771C00B25F06 /* MissionView.swift in Sources */ = {isa = PBXBuildFile; fileRef = 5F3A6AEE2B71771C00B25F06 /* MissionView.swift */; };
		5F48AB282B6D597400FA5787 /* MoonshotApp.swift in Sources */ = {isa = PBXBuildFile; fileRef = 5F48AB272B6D597400FA5787 /* MoonshotApp.swift */; };
		5F48AB2C2B6D597600FA5787 /* Assets.xcassets in Resources */ = {isa = PBXBuildFile; fileRef = 5F48AB2B2B6D597600FA5787 /* Assets.xcassets */; };
		5F48AB2F2B6D597600FA5787 /* Preview Assets.xcassets in Resources */ = {isa = PBXBuildFile; fileRef = 5F48AB2E2B6D597600FA5787 /* Preview Assets.xcassets */; };
		5F48AB3A2B6D5FBE00FA5787 /* astronauts.json in Resources */ = {isa = PBXBuildFile; fileRef = 5F48AB392B6D5FBE00FA5787 /* astronauts.json */; };
		5F48AB3C2B6D5FC600FA5787 /* missions.json in Resources */ = {isa = PBXBuildFile; fileRef = 5F48AB3B2B6D5FC600FA5787 /* missions.json */; };
		5FED12F62B6EC03100A730B0 /* Bundle-Decodable.swift in Sources */ = {isa = PBXBuildFile; fileRef = 5FED12F52B6EC03100A730B0 /* Bundle-Decodable.swift */; };
		5FED12F92B6EC10F00A730B0 /* Astronaut.swift in Sources */ = {isa = PBXBuildFile; fileRef = 5FED12F82B6EC10F00A730B0 /* Astronaut.swift */; };
		5FED12FB2B6EC31600A730B0 /* ContentView.swift in Sources */ = {isa = PBXBuildFile; fileRef = 5FED12FA2B6EC31600A730B0 /* ContentView.swift */; };
		5FED12FE2B6ECAB100A730B0 /* Mission.swift in Sources */ = {isa = PBXBuildFile; fileRef = 5FED12FD2B6ECAB100A730B0 /* Mission.swift */; };
/* End PBXBuildFile section */

/* Begin PBXFileReference section */
		5F3A6AEC2B71707000B25F06 /* Color-Theme.swift */ = {isa = PBXFileReference; lastKnownFileType = sourcecode.swift; path = "Color-Theme.swift"; sourceTree = "<group>"; };
		5F3A6AEE2B71771C00B25F06 /* MissionView.swift */ = {isa = PBXFileReference; lastKnownFileType = sourcecode.swift; path = MissionView.swift; sourceTree = "<group>"; };
		5F48AB242B6D597400FA5787 /* Moonshot.app */ = {isa = PBXFileReference; explicitFileType = wrapper.application; includeInIndex = 0; path = Moonshot.app; sourceTree = BUILT_PRODUCTS_DIR; };
		5F48AB272B6D597400FA5787 /* MoonshotApp.swift */ = {isa = PBXFileReference; lastKnownFileType = sourcecode.swift; path = MoonshotApp.swift; sourceTree = "<group>"; };
		5F48AB2B2B6D597600FA5787 /* Assets.xcassets */ = {isa = PBXFileReference; lastKnownFileType = folder.assetcatalog; path = Assets.xcassets; sourceTree = "<group>"; };
		5F48AB2E2B6D597600FA5787 /* Preview Assets.xcassets */ = {isa = PBXFileReference; lastKnownFileType = folder.assetcatalog; path = "Preview Assets.xcassets"; sourceTree = "<group>"; };
		5F48AB392B6D5FBE00FA5787 /* astronauts.json */ = {isa = PBXFileReference; fileEncoding = 4; lastKnownFileType = text.json; path = astronauts.json; sourceTree = "<group>"; };
		5F48AB3B2B6D5FC600FA5787 /* missions.json */ = {isa = PBXFileReference; fileEncoding = 4; lastKnownFileType = text.json; path = missions.json; sourceTree = "<group>"; };
		5FED12F52B6EC03100A730B0 /* Bundle-Decodable.swift */ = {isa = PBXFileReference; lastKnownFileType = sourcecode.swift; path = "Bundle-Decodable.swift"; sourceTree = "<group>"; };
		5FED12F82B6EC10F00A730B0 /* Astronaut.swift */ = {isa = PBXFileReference; lastKnownFileType = sourcecode.swift; path = Astronaut.swift; sourceTree = "<group>"; };
		5FED12FA2B6EC31600A730B0 /* ContentView.swift */ = {isa = PBXFileReference; lastKnownFileType = sourcecode.swift; path = ContentView.swift; sourceTree = "<group>"; };
		5FED12FD2B6ECAB100A730B0 /* Mission.swift */ = {isa = PBXFileReference; lastKnownFileType = sourcecode.swift; path = Mission.swift; sourceTree = "<group>"; };
/* End PBXFileReference section */

/* Begin PBXFrameworksBuildPhase section */
		5F48AB212B6D597400FA5787 /* Frameworks */ = {
			isa = PBXFrameworksBuildPhase;
			buildActionMask = 2147483647;
			files = (
			);
			runOnlyForDeploymentPostprocessing = 0;
		};
/* End PBXFrameworksBuildPhase section */

/* Begin PBXGroup section */
		5F48AB1B2B6D597400FA5787 = {
			isa = PBXGroup;
			children = (
				5F48AB262B6D597400FA5787 /* Moonshot */,
				5F48AB252B6D597400FA5787 /* Products */,
			);
			sourceTree = "<group>";
		};
		5F48AB252B6D597400FA5787 /* Products */ = {
			isa = PBXGroup;
			children = (
				5F48AB242B6D597400FA5787 /* Moonshot.app */,
			);
			name = Products;
			sourceTree = "<group>";
		};
		5F48AB262B6D597400FA5787 /* Moonshot */ = {
			isa = PBXGroup;
			children = (
				5FED12FC2B6EC59700A730B0 /* Assets */,
				5FED12F72B6EC05700A730B0 /* Models */,
				5F48AB382B6D5E3300FA5787 /* DataFiles */,
				5F48AB352B6D598F00FA5787 /* Views */,
				5F48AB272B6D597400FA5787 /* MoonshotApp.swift */,
				5F48AB2D2B6D597600FA5787 /* Preview Content */,
			);
			path = Moonshot;
			sourceTree = "<group>";
		};
		5F48AB2D2B6D597600FA5787 /* Preview Content */ = {
			isa = PBXGroup;
			children = (
				5F48AB2E2B6D597600FA5787 /* Preview Assets.xcassets */,
			);
			path = "Preview Content";
			sourceTree = "<group>";
		};
		5F48AB352B6D598F00FA5787 /* Views */ = {
			isa = PBXGroup;
			children = (
				5FED12FA2B6EC31600A730B0 /* ContentView.swift */,
				5F3A6AEE2B71771C00B25F06 /* MissionView.swift */,
			);
			path = Views;
			sourceTree = "<group>";
		};
		5F48AB382B6D5E3300FA5787 /* DataFiles */ = {
			isa = PBXGroup;
			children = (
				5F48AB392B6D5FBE00FA5787 /* astronauts.json */,
				5F48AB3B2B6D5FC600FA5787 /* missions.json */,
			);
			path = DataFiles;
			sourceTree = "<group>";
		};
		5FED12F72B6EC05700A730B0 /* Models */ = {
			isa = PBXGroup;
			children = (
				5FED12F82B6EC10F00A730B0 /* Astronaut.swift */,
				5FED12F52B6EC03100A730B0 /* Bundle-Decodable.swift */,
				5F3A6AEC2B71707000B25F06 /* Color-Theme.swift */,
				5FED12FD2B6ECAB100A730B0 /* Mission.swift */,
			);
			path = Models;
			sourceTree = "<group>";
		};
		5FED12FC2B6EC59700A730B0 /* Assets */ = {
			isa = PBXGroup;
			children = (
				5F48AB2B2B6D597600FA5787 /* Assets.xcassets */,
			);
			path = Assets;
			sourceTree = "<group>";
		};
/* End PBXGroup section */

/* Begin PBXNativeTarget section */
		5F48AB232B6D597400FA5787 /* Moonshot */ = {
			isa = PBXNativeTarget;
			buildConfigurationList = 5F48AB322B6D597600FA5787 /* Build configuration list for PBXNativeTarget "Moonshot" */;
			buildPhases = (
				5F48AB202B6D597400FA5787 /* Sources */,
				5F48AB212B6D597400FA5787 /* Frameworks */,
				5F48AB222B6D597400FA5787 /* Resources */,
			);
			buildRules = (
			);
			dependencies = (
			);
			name = Moonshot;
			productName = Moonshot;
			productReference = 5F48AB242B6D597400FA5787 /* Moonshot.app */;
			productType = "com.apple.product-type.application";
		};
/* End PBXNativeTarget section */

/* Begin PBXProject section */
		5F48AB1C2B6D597400FA5787 /* Project object */ = {
			isa = PBXProject;
			attributes = {
				BuildIndependentTargetsInParallel = 1;
				LastSwiftUpdateCheck = 1520;
				LastUpgradeCheck = 1520;
				TargetAttributes = {
					5F48AB232B6D597400FA5787 = {
						CreatedOnToolsVersion = 15.2;
					};
				};
			};
			buildConfigurationList = 5F48AB1F2B6D597400FA5787 /* Build configuration list for PBXProject "Moonshot" */;
			compatibilityVersion = "Xcode 14.0";
			developmentRegion = en;
			hasScannedForEncodings = 0;
			knownRegions = (
				en,
				Base,
			);
			mainGroup = 5F48AB1B2B6D597400FA5787;
			productRefGroup = 5F48AB252B6D597400FA5787 /* Products */;
			projectDirPath = "";
			projectRoot = "";
			targets = (
				5F48AB232B6D597400FA5787 /* Moonshot */,
			);
		};
/* End PBXProject section */

/* Begin PBXResourcesBuildPhase section */
		5F48AB222B6D597400FA5787 /* Resources */ = {
			isa = PBXResourcesBuildPhase;
			buildActionMask = 2147483647;
			files = (
				5F48AB3A2B6D5FBE00FA5787 /* astronauts.json in Resources */,
				5F48AB2F2B6D597600FA5787 /* Preview Assets.xcassets in Resources */,
				5F48AB3C2B6D5FC600FA5787 /* missions.json in Resources */,
				5F48AB2C2B6D597600FA5787 /* Assets.xcassets in Resources */,
			);
			runOnlyForDeploymentPostprocessing = 0;
		};
/* End PBXResourcesBuildPhase section */

/* Begin PBXSourcesBuildPhase section */
		5F48AB202B6D597400FA5787 /* Sources */ = {
			isa = PBXSourcesBuildPhase;
			buildActionMask = 2147483647;
			files = (
				5F3A6AEF2B71771C00B25F06 /* MissionView.swift in Sources */,
				5FED12FB2B6EC31600A730B0 /* ContentView.swift in Sources */,
				5F3A6AED2B71707000B25F06 /* Color-Theme.swift in Sources */,
				5FED12F62B6EC03100A730B0 /* Bundle-Decodable.swift in Sources */,
				5F48AB282B6D597400FA5787 /* MoonshotApp.swift in Sources */,
				5FED12FE2B6ECAB100A730B0 /* Mission.swift in Sources */,
				5FED12F92B6EC10F00A730B0 /* Astronaut.swift in Sources */,
			);
			runOnlyForDeploymentPostprocessing = 0;
		};
/* End PBXSourcesBuildPhase section */

/* Begin XCBuildConfiguration section */
		5F48AB302B6D597600FA5787 /* Debug */ = {
			isa = XCBuildConfiguration;
			buildSettings = {
				ALWAYS_SEARCH_USER_PATHS = NO;
				ASSETCATALOG_COMPILER_GENERATE_SWIFT_ASSET_SYMBOL_EXTENSIONS = YES;
				CLANG_ANALYZER_NONNULL = YES;
				CLANG_ANALYZER_NUMBER_OBJECT_CONVERSION = YES_AGGRESSIVE;
				CLANG_CXX_LANGUAGE_STANDARD = "gnu++20";
				CLANG_ENABLE_MODULES = YES;
				CLANG_ENABLE_OBJC_ARC = YES;
				CLANG_ENABLE_OBJC_WEAK = YES;
				CLANG_WARN_BLOCK_CAPTURE_AUTORELEASING = YES;
				CLANG_WARN_BOOL_CONVERSION = YES;
				CLANG_WARN_COMMA = YES;
				CLANG_WARN_CONSTANT_CONVERSION = YES;
				CLANG_WARN_DEPRECATED_OBJC_IMPLEMENTATIONS = YES;
				CLANG_WARN_DIRECT_OBJC_ISA_USAGE = YES_ERROR;
				CLANG_WARN_DOCUMENTATION_COMMENTS = YES;
				CLANG_WARN_EMPTY_BODY = YES;
				CLANG_WARN_ENUM_CONVERSION = YES;
				CLANG_WARN_INFINITE_RECURSION = YES;
				CLANG_WARN_INT_CONVERSION = YES;
				CLANG_WARN_NON_LITERAL_NULL_CONVERSION = YES;
				CLANG_WARN_OBJC_IMPLICIT_RETAIN_SELF = YES;
				CLANG_WARN_OBJC_LITERAL_CONVERSION = YES;
				CLANG_WARN_OBJC_ROOT_CLASS = YES_ERROR;
				CLANG_WARN_QUOTED_INCLUDE_IN_FRAMEWORK_HEADER = YES;
				CLANG_WARN_RANGE_LOOP_ANALYSIS = YES;
				CLANG_WARN_STRICT_PROTOTYPES = YES;
				CLANG_WARN_SUSPICIOUS_MOVE = YES;
				CLANG_WARN_UNGUARDED_AVAILABILITY = YES_AGGRESSIVE;
				CLANG_WARN_UNREACHABLE_CODE = YES;
				CLANG_WARN__DUPLICATE_METHOD_MATCH = YES;
				COPY_PHASE_STRIP = NO;
				DEBUG_INFORMATION_FORMAT = dwarf;
				ENABLE_STRICT_OBJC_MSGSEND = YES;
				ENABLE_TESTABILITY = YES;
				ENABLE_USER_SCRIPT_SANDBOXING = YES;
				GCC_C_LANGUAGE_STANDARD = gnu17;
				GCC_DYNAMIC_NO_PIC = NO;
				GCC_NO_COMMON_BLOCKS = YES;
				GCC_OPTIMIZATION_LEVEL = 0;
				GCC_PREPROCESSOR_DEFINITIONS = (
					"DEBUG=1",
					"$(inherited)",
				);
				GCC_WARN_64_TO_32_BIT_CONVERSION = YES;
				GCC_WARN_ABOUT_RETURN_TYPE = YES_ERROR;
				GCC_WARN_UNDECLARED_SELECTOR = YES;
				GCC_WARN_UNINITIALIZED_AUTOS = YES_AGGRESSIVE;
				GCC_WARN_UNUSED_FUNCTION = YES;
				GCC_WARN_UNUSED_VARIABLE = YES;
				IPHONEOS_DEPLOYMENT_TARGET = 17.2;
				LOCALIZATION_PREFERS_STRING_CATALOGS = YES;
				MTL_ENABLE_DEBUG_INFO = INCLUDE_SOURCE;
				MTL_FAST_MATH = YES;
				ONLY_ACTIVE_ARCH = YES;
				SDKROOT = iphoneos;
				SWIFT_ACTIVE_COMPILATION_CONDITIONS = "DEBUG $(inherited)";
				SWIFT_OPTIMIZATION_LEVEL = "-Onone";
			};
			name = Debug;
		};
		5F48AB312B6D597600FA5787 /* Release */ = {
			isa = XCBuildConfiguration;
			buildSettings = {
				ALWAYS_SEARCH_USER_PATHS = NO;
				ASSETCATALOG_COMPILER_GENERATE_SWIFT_ASSET_SYMBOL_EXTENSIONS = YES;
				CLANG_ANALYZER_NONNULL = YES;
				CLANG_ANALYZER_NUMBER_OBJECT_CONVERSION = YES_AGGRESSIVE;
				CLANG_CXX_LANGUAGE_STANDARD = "gnu++20";
				CLANG_ENABLE_MODULES = YES;
				CLANG_ENABLE_OBJC_ARC = YES;
				CLANG_ENABLE_OBJC_WEAK = YES;
				CLANG_WARN_BLOCK_CAPTURE_AUTORELEASING = YES;
				CLANG_WARN_BOOL_CONVERSION = YES;
				CLANG_WARN_COMMA = YES;
				CLANG_WARN_CONSTANT_CONVERSION = YES;
				CLANG_WARN_DEPRECATED_OBJC_IMPLEMENTATIONS = YES;
				CLANG_WARN_DIRECT_OBJC_ISA_USAGE = YES_ERROR;
				CLANG_WARN_DOCUMENTATION_COMMENTS = YES;
				CLANG_WARN_EMPTY_BODY = YES;
				CLANG_WARN_ENUM_CONVERSION = YES;
				CLANG_WARN_INFINITE_RECURSION = YES;
				CLANG_WARN_INT_CONVERSION = YES;
				CLANG_WARN_NON_LITERAL_NULL_CONVERSION = YES;
				CLANG_WARN_OBJC_IMPLICIT_RETAIN_SELF = YES;
				CLANG_WARN_OBJC_LITERAL_CONVERSION = YES;
				CLANG_WARN_OBJC_ROOT_CLASS = YES_ERROR;
				CLANG_WARN_QUOTED_INCLUDE_IN_FRAMEWORK_HEADER = YES;
				CLANG_WARN_RANGE_LOOP_ANALYSIS = YES;
				CLANG_WARN_STRICT_PROTOTYPES = YES;
				CLANG_WARN_SUSPICIOUS_MOVE = YES;
				CLANG_WARN_UNGUARDED_AVAILABILITY = YES_AGGRESSIVE;
				CLANG_WARN_UNREACHABLE_CODE = YES;
				CLANG_WARN__DUPLICATE_METHOD_MATCH = YES;
				COPY_PHASE_STRIP = NO;
				DEBUG_INFORMATION_FORMAT = "dwarf-with-dsym";
				ENABLE_NS_ASSERTIONS = NO;
				ENABLE_STRICT_OBJC_MSGSEND = YES;
				ENABLE_USER_SCRIPT_SANDBOXING = YES;
				GCC_C_LANGUAGE_STANDARD = gnu17;
				GCC_NO_COMMON_BLOCKS = YES;
				GCC_WARN_64_TO_32_BIT_CONVERSION = YES;
				GCC_WARN_ABOUT_RETURN_TYPE = YES_ERROR;
				GCC_WARN_UNDECLARED_SELECTOR = YES;
				GCC_WARN_UNINITIALIZED_AUTOS = YES_AGGRESSIVE;
				GCC_WARN_UNUSED_FUNCTION = YES;
				GCC_WARN_UNUSED_VARIABLE = YES;
				IPHONEOS_DEPLOYMENT_TARGET = 17.2;
				LOCALIZATION_PREFERS_STRING_CATALOGS = YES;
				MTL_ENABLE_DEBUG_INFO = NO;
				MTL_FAST_MATH = YES;
				SDKROOT = iphoneos;
				SWIFT_COMPILATION_MODE = wholemodule;
				VALIDATE_PRODUCT = YES;
			};
			name = Release;
		};
		5F48AB332B6D597600FA5787 /* Debug */ = {
			isa = XCBuildConfiguration;
			buildSettings = {
				ASSETCATALOG_COMPILER_APPICON_NAME = AppIcon;
				ASSETCATALOG_COMPILER_GLOBAL_ACCENT_COLOR_NAME = AccentColor;
				CODE_SIGN_STYLE = Automatic;
				CURRENT_PROJECT_VERSION = 1;
				DEVELOPMENT_ASSET_PATHS = "\"Moonshot/Preview Content\"";
				ENABLE_PREVIEWS = YES;
				GENERATE_INFOPLIST_FILE = YES;
				INFOPLIST_KEY_UIApplicationSceneManifest_Generation = YES;
				INFOPLIST_KEY_UIApplicationSupportsIndirectInputEvents = YES;
				INFOPLIST_KEY_UILaunchScreen_Generation = YES;
				INFOPLIST_KEY_UISupportedInterfaceOrientations_iPad = "UIInterfaceOrientationPortrait UIInterfaceOrientationPortraitUpsideDown UIInterfaceOrientationLandscapeLeft UIInterfaceOrientationLandscapeRight";
				INFOPLIST_KEY_UISupportedInterfaceOrientations_iPhone = "UIInterfaceOrientationPortrait UIInterfaceOrientationLandscapeLeft UIInterfaceOrientationLandscapeRight";
				LD_RUNPATH_SEARCH_PATHS = (
					"$(inherited)",
					"@executable_path/Frameworks",
				);
				MARKETING_VERSION = 1.0;
				PRODUCT_BUNDLE_IDENTIFIER = com.lxmn.Moonshot;
				PRODUCT_NAME = "$(TARGET_NAME)";
				SWIFT_EMIT_LOC_STRINGS = YES;
				SWIFT_VERSION = 5.0;
				TARGETED_DEVICE_FAMILY = "1,2";
			};
			name = Debug;
		};
		5F48AB342B6D597600FA5787 /* Release */ = {
			isa = XCBuildConfiguration;
			buildSettings = {
				ASSETCATALOG_COMPILER_APPICON_NAME = AppIcon;
				ASSETCATALOG_COMPILER_GLOBAL_ACCENT_COLOR_NAME = AccentColor;
				CODE_SIGN_STYLE = Automatic;
				CURRENT_PROJECT_VERSION = 1;
				DEVELOPMENT_ASSET_PATHS = "\"Moonshot/Preview Content\"";
				ENABLE_PREVIEWS = YES;
				GENERATE_INFOPLIST_FILE = YES;
				INFOPLIST_KEY_UIApplicationSceneManifest_Generation = YES;
				INFOPLIST_KEY_UIApplicationSupportsIndirectInputEvents = YES;
				INFOPLIST_KEY_UILaunchScreen_Generation = YES;
				INFOPLIST_KEY_UISupportedInterfaceOrientations_iPad = "UIInterfaceOrientationPortrait UIInterfaceOrientationPortraitUpsideDown UIInterfaceOrientationLandscapeLeft UIInterfaceOrientationLandscapeRight";
				INFOPLIST_KEY_UISupportedInterfaceOrientations_iPhone = "UIInterfaceOrientationPortrait UIInterfaceOrientationLandscapeLeft UIInterfaceOrientationLandscapeRight";
				LD_RUNPATH_SEARCH_PATHS = (
					"$(inherited)",
					"@executable_path/Frameworks",
				);
				MARKETING_VERSION = 1.0;
				PRODUCT_BUNDLE_IDENTIFIER = com.lxmn.Moonshot;
				PRODUCT_NAME = "$(TARGET_NAME)";
				SWIFT_EMIT_LOC_STRINGS = YES;
				SWIFT_VERSION = 5.0;
				TARGETED_DEVICE_FAMILY = "1,2";
			};
			name = Release;
		};
/* End XCBuildConfiguration section */

/* Begin XCConfigurationList section */
		5F48AB1F2B6D597400FA5787 /* Build configuration list for PBXProject "Moonshot" */ = {
			isa = XCConfigurationList;
			buildConfigurations = (
				5F48AB302B6D597600FA5787 /* Debug */,
				5F48AB312B6D597600FA5787 /* Release */,
			);
			defaultConfigurationIsVisible = 0;
			defaultConfigurationName = Release;
		};
		5F48AB322B6D597600FA5787 /* Build configuration list for PBXNativeTarget "Moonshot" */ = {
			isa = XCConfigurationList;
			buildConfigurations = (
				5F48AB332B6D597600FA5787 /* Debug */,
				5F48AB342B6D597600FA5787 /* Release */,
			);
			defaultConfigurationIsVisible = 0;
			defaultConfigurationName = Release;
		};
/* End XCConfigurationList section */
	};
	rootObject = 5F48AB1C2B6D597400FA5787 /* Project object */;
}
